{
  "name": "oura-ring-nodejs-sample",
  "version": "1.0.0",
  "lockfileVersion": 2,
  "requires": true,
  "packages": {
    "": {
      "name": "oura-ring-nodejs-sample",
      "version": "1.0.0",
      "license": "ISC",
      "dependencies": {
        "oura-cloud-api": "^1.0.2"
      }
    },
    "node_modules/oura-cloud-api": {
      "version": "1.0.2",
      "resolved": "https://registry.npmjs.org/oura-cloud-api/-/oura-cloud-api-1.0.2.tgz",
      "integrity": "sha512-277iyVgFG3vwfmXs4akXdoGUKHLqvscBI/sdUhKM1Wxm5GCmk3j4zaBvpgRSAZS65lagvQfHAF0WPQ2Tltj41Q=="
    }
  },
  "dependencies": {
    "oura-cloud-api": {
      "version": "1.0.2",
      "resolved": "https://registry.npmjs.org/oura-cloud-api/-/oura-cloud-api-1.0.2.tgz",
      "integrity": "sha512-277iyVgFG3vwfmXs4akXdoGUKHLqvscBI/sdUhKM1Wxm5GCmk3j4zaBvpgRSAZS65lagvQfHAF0WPQ2Tltj41Q=="
    }
  }
}
