{
  "name": "oura-ring-nodejs-sample",
  "version": "1.0.0",
  "lockfileVersion": 2,
  "requires": true,
  "packages": {
    "": {
      "name": "oura-ring-nodejs-sample",
      "version": "1.0.0",
      "license": "ISC",
      "dependencies": {
        "@js-temporal/polyfill": "^0.4.0",
        "oura-cloud-api": "^1.0.2"
      }
    },
    "node_modules/@js-temporal/polyfill": {
      "version": "0.4.0",
      "resolved": "https://registry.npmjs.org/@js-temporal/polyfill/-/polyfill-0.4.0.tgz",
      "integrity": "sha512-j6DwrVV5e2fj3pdXXx6e4ol9/VWg+hX54xOUJjNx+PekzWdjkVzBLpttPNczFcY1W0SFv2ovxrsz/OB4SzIALA==",
      "dependencies": {
        "jsbi": "^4.1.0",
        "tslib": "^2.3.1"
      },
      "engines": {
        "node": ">=12"
      }
    },
    "node_modules/jsbi": {
      "version": "4.2.0",
      "resolved": "https://registry.npmjs.org/jsbi/-/jsbi-4.2.0.tgz",
      "integrity": "sha512-JzhwPkH7Ra8O1b5uHmWxl6N8ZumqGvMXgpKcsq0/iWlnB+KkzbekCIcLl3hu3sFGTLNXAuXIqY4STtE0ZfT1zA=="
    },
    "node_modules/oura-cloud-api": {
      "version": "1.0.2",
      "resolved": "https://registry.npmjs.org/oura-cloud-api/-/oura-cloud-api-1.0.2.tgz",
      "integrity": "sha512-277iyVgFG3vwfmXs4akXdoGUKHLqvscBI/sdUhKM1Wxm5GCmk3j4zaBvpgRSAZS65lagvQfHAF0WPQ2Tltj41Q=="
    },
    "node_modules/tslib": {
      "version": "2.3.1",
      "resolved": "https://registry.npmjs.org/tslib/-/tslib-2.3.1.tgz",
      "integrity": "sha512-77EbyPPpMz+FRFRuAFlWMtmgUWGe9UOG2Z25NqCwiIjRhOf5iKGuzSe5P2w1laq+FkRy4p+PCuVkJSGkzTEKVw=="
    }
  },
  "dependencies": {
    "@js-temporal/polyfill": {
      "version": "0.4.0",
      "resolved": "https://registry.npmjs.org/@js-temporal/polyfill/-/polyfill-0.4.0.tgz",
      "integrity": "sha512-j6DwrVV5e2fj3pdXXx6e4ol9/VWg+hX54xOUJjNx+PekzWdjkVzBLpttPNczFcY1W0SFv2ovxrsz/OB4SzIALA==",
      "requires": {
        "jsbi": "^4.1.0",
        "tslib": "^2.3.1"
      }
    },
    "jsbi": {
      "version": "4.2.0",
      "resolved": "https://registry.npmjs.org/jsbi/-/jsbi-4.2.0.tgz",
      "integrity": "sha512-JzhwPkH7Ra8O1b5uHmWxl6N8ZumqGvMXgpKcsq0/iWlnB+KkzbekCIcLl3hu3sFGTLNXAuXIqY4STtE0ZfT1zA=="
    },
    "oura-cloud-api": {
      "version": "1.0.2",
      "resolved": "https://registry.npmjs.org/oura-cloud-api/-/oura-cloud-api-1.0.2.tgz",
      "integrity": "sha512-277iyVgFG3vwfmXs4akXdoGUKHLqvscBI/sdUhKM1Wxm5GCmk3j4zaBvpgRSAZS65lagvQfHAF0WPQ2Tltj41Q=="
    },
    "tslib": {
      "version": "2.3.1",
      "resolved": "https://registry.npmjs.org/tslib/-/tslib-2.3.1.tgz",
      "integrity": "sha512-77EbyPPpMz+FRFRuAFlWMtmgUWGe9UOG2Z25NqCwiIjRhOf5iKGuzSe5P2w1laq+FkRy4p+PCuVkJSGkzTEKVw=="
    }
  }
}
